
Microsoft Visual Studio Solution File, Format Version 10.00
# Visual Studio 2008
Project("{FAE04EC0-301F-11D3-BF4B-00C04F79EFBC}") = "e-PleiePLAN UI", "CCC UI prototype\e-PleiePLAN UI.csproj", "{99FCA78D-0153-4D92-BA47-8F357D2EC047}"
EndProject
Project("{FAE04EC0-301F-11D3-BF4B-00C04F79EFBC}") = "e-PleiePLAN Business", "CCCBusinessLayer\e-PleiePLAN Business.csproj", "{081A088E-EC70-4679-8DBA-124FB6C5788F}"
EndProject
Global
	GlobalSection(TeamFoundationVersionControl) = preSolution
		SccNumberOfProjects = 3
		SccEnterpriseProvider = {4CA58AB2-18FA-4F8D-95D4-32DDF27D184C}
		SccTeamFoundationServer = https://tfs06.codeplex.com/
		SccLocalPath0 = .
		SccProjectUniqueName1 = CCC\u0020UI\u0020prototype\\e-PleiePLAN\u0020UI.csproj
		SccProjectName1 = CCC\u0020UI\u0020prototype
		SccLocalPath1 = CCC\u0020UI\u0020prototype
		SccProjectUniqueName2 = CCCBusinessLayer\\e-PleiePLAN\u0020Business.csproj
		SccProjectName2 = CCCBusinessLayer
		SccLocalPath2 = CCCBusinessLayer
	EndGlobalSection
	GlobalSection(SolutionConfigurationPlatforms) = preSolution
		Debug|Any CPU = Debug|Any CPU
		Release|Any CPU = Release|Any CPU
	EndGlobalSection
	GlobalSection(ProjectConfigurationPlatforms) = postSolution
		{99FCA78D-0153-4D92-BA47-8F357D2EC047}.Debug|Any CPU.ActiveCfg = Debug|Any CPU
		{99FCA78D-0153-4D92-BA47-8F357D2EC047}.Debug|Any CPU.Build.0 = Debug|Any CPU
		{99FCA78D-0153-4D92-BA47-8F357D2EC047}.Release|Any CPU.ActiveCfg = Release|Any CPU
		{99FCA78D-0153-4D92-BA47-8F357D2EC047}.Release|Any CPU.Build.0 = Release|Any CPU
		{081A088E-EC70-4679-8DBA-124FB6C5788F}.Debug|Any CPU.ActiveCfg = Debug|Any CPU
		{081A088E-EC70-4679-8DBA-124FB6C5788F}.Debug|Any CPU.Build.0 = Debug|Any CPU
		{081A088E-EC70-4679-8DBA-124FB6C5788F}.Release|Any CPU.ActiveCfg = Release|Any CPU
		{081A088E-EC70-4679-8DBA-124FB6C5788F}.Release|Any CPU.Build.0 = Release|Any CPU
	EndGlobalSection
	GlobalSection(SolutionProperties) = preSolution
		HideSolutionNode = FALSE
	EndGlobalSection
EndGlobal
