Microsoft Visual Studio Solution File, Format Version 10.00
# Visual C# Express 2008
Project("{FAE04EC0-301F-11D3-BF4B-00C04F79EFBC}") = "UI Layer", "CCC UI prototype\UI Layer.csproj", "{99FCA78D-0153-4D92-BA47-8F357D2EC047}"
EndProject
Project("{FAE04EC0-301F-11D3-BF4B-00C04F79EFBC}") = "Business Layer", "CCCBusinessLayer\Business Layer.csproj", "{081A088E-EC70-4679-8DBA-124FB6C5788F}"
EndProject
Global
	GlobalSection(SolutionConfigurationPlatforms) = preSolution
		Debug|Any CPU = Debug|Any CPU
		Release|Any CPU = Release|Any CPU
	EndGlobalSection
	GlobalSection(ProjectConfigurationPlatforms) = postSolution
		{99FCA78D-0153-4D92-BA47-8F357D2EC047}.Debug|Any CPU.ActiveCfg = Debug|Any CPU
		{99FCA78D-0153-4D92-BA47-8F357D2EC047}.Debug|Any CPU.Build.0 = Debug|Any CPU
		{99FCA78D-0153-4D92-BA47-8F357D2EC047}.Release|Any CPU.ActiveCfg = Release|Any CPU
		{99FCA78D-0153-4D92-BA47-8F357D2EC047}.Release|Any CPU.Build.0 = Release|Any CPU
		{081A088E-EC70-4679-8DBA-124FB6C5788F}.Debug|Any CPU.ActiveCfg = Debug|Any CPU
		{081A088E-EC70-4679-8DBA-124FB6C5788F}.Debug|Any CPU.Build.0 = Debug|Any CPU
		{081A088E-EC70-4679-8DBA-124FB6C5788F}.Release|Any CPU.ActiveCfg = Release|Any CPU
		{081A088E-EC70-4679-8DBA-124FB6C5788F}.Release|Any CPU.Build.0 = Release|Any CPU
	EndGlobalSection
	GlobalSection(SolutionProperties) = preSolution
		HideSolutionNode = FALSE
	EndGlobalSection
EndGlobal
